
Microsoft Visual Studio Solution File, Format Version 12.00
# Visual Studio Version 16
VisualStudioVersion = 25.0.1705.2
MinimumVisualStudioVersion = 10.0.40219.1
Project("{FAE04EC0-301F-11D3-BF4B-00C04F79EFBC}") = "MiniOppgaveOverloads", "MiniOppgaveOverloads\MiniOppgaveOverloads.csproj", "{20FED172-3DA9-4D84-B789-1C1C3C6C750F}"
EndProject
Global
	GlobalSection(SolutionConfigurationPlatforms) = preSolution
		Debug|Any CPU = Debug|Any CPU
		Release|Any CPU = Release|Any CPU
	EndGlobalSection
	GlobalSection(ProjectConfigurationPlatforms) = postSolution
		{20FED172-3DA9-4D84-B789-1C1C3C6C750F}.Debug|Any CPU.ActiveCfg = Debug|Any CPU
		{20FED172-3DA9-4D84-B789-1C1C3C6C750F}.Debug|Any CPU.Build.0 = Debug|Any CPU
		{20FED172-3DA9-4D84-B789-1C1C3C6C750F}.Release|Any CPU.ActiveCfg = Release|Any CPU
		{20FED172-3DA9-4D84-B789-1C1C3C6C750F}.Release|Any CPU.Build.0 = Release|Any CPU
	EndGlobalSection
	GlobalSection(SolutionProperties) = preSolution
		HideSolutionNode = FALSE
	EndGlobalSection
	GlobalSection(ExtensibilityGlobals) = postSolution
		SolutionGuid = {6FAB1903-761B-4C59-B45E-E14D458BBAC5}
	EndGlobalSection
EndGlobal
